
Microsoft Visual Studio Solution File, Format Version 12.00
# Visual Studio Version 17
VisualStudioVersion = 17.14.36212.18
MinimumVisualStudioVersion = 10.0.40219.1
Project("{FAE04EC0-301F-11D3-BF4B-00C04F79EFBC}") = "Sight", "Sight\Sight.csproj", "{8AE16EEB-0182-4043-B119-4143B24429B2}"
EndProject
Project("{FAE04EC0-301F-11D3-BF4B-00C04F79EFBC}") = "HWindow_Tool", "halcon控件\HWindow_Tool.csproj", "{9BAA53FD-89B5-43E2-AC59-A27B006DEBB6}"
EndProject
Global
	GlobalSection(SolutionConfigurationPlatforms) = preSolution
		Debug|Any CPU = Debug|Any CPU
		Release|Any CPU = Release|Any CPU
	EndGlobalSection
	GlobalSection(ProjectConfigurationPlatforms) = postSolution
		{8AE16EEB-0182-4043-B119-4143B24429B2}.Debug|Any CPU.ActiveCfg = Debug|Any CPU
		{8AE16EEB-0182-4043-B119-4143B24429B2}.Debug|Any CPU.Build.0 = Debug|Any CPU
		{8AE16EEB-0182-4043-B119-4143B24429B2}.Release|Any CPU.ActiveCfg = Release|Any CPU
		{8AE16EEB-0182-4043-B119-4143B24429B2}.Release|Any CPU.Build.0 = Release|Any CPU
		{9BAA53FD-89B5-43E2-AC59-A27B006DEBB6}.Debug|Any CPU.ActiveCfg = Debug|Any CPU
		{9BAA53FD-89B5-43E2-AC59-A27B006DEBB6}.Debug|Any CPU.Build.0 = Debug|Any CPU
		{9BAA53FD-89B5-43E2-AC59-A27B006DEBB6}.Release|Any CPU.ActiveCfg = Release|Any CPU
		{9BAA53FD-89B5-43E2-AC59-A27B006DEBB6}.Release|Any CPU.Build.0 = Release|Any CPU
	EndGlobalSection
	GlobalSection(SolutionProperties) = preSolution
		HideSolutionNode = FALSE
	EndGlobalSection
	GlobalSection(ExtensibilityGlobals) = postSolution
		SolutionGuid = {0EA7A80C-F36C-4CFD-AED1-651A6E3EF4BC}
	EndGlobalSection
EndGlobal
